// !$*UTF8*$!
{
	archiveVersion = 1;
	classes = {
	};
	objectVersion = 48;
	objects = {

/* Begin PBXBuildFile section */
		2508D5AAC1D8B1DF254203C9 /* Pods_Finalp.framework in Frameworks */ = {isa = PBXBuildFile; fileRef = D520B9C7B051FB7495177044 /* Pods_Finalp.framework */; };
		882D0CF120934E54001D534C /* UploadVideoViewController.swift in Sources */ = {isa = PBXBuildFile; fileRef = 882D0CF020934E54001D534C /* UploadVideoViewController.swift */; };
		882D0CFF20949D05001D534C /* Media.swift in Sources */ = {isa = PBXBuildFile; fileRef = 882D0CFE20949D05001D534C /* Media.swift */; };
		885B7B6F2092A33B008BAA3F /* LoginViewController.swift in Sources */ = {isa = PBXBuildFile; fileRef = 885B7B6E2092A33B008BAA3F /* LoginViewController.swift */; };
		885B7B712092EA6C008BAA3F /* UserViewController.swift in Sources */ = {isa = PBXBuildFile; fileRef = 885B7B702092EA6C008BAA3F /* UserViewController.swift */; };
		88663C8D2091BA7000F8D51D /* AppDelegate.swift in Sources */ = {isa = PBXBuildFile; fileRef = 88663C8C2091BA6F00F8D51D /* AppDelegate.swift */; };
		88663C8F2091BA7000F8D51D /* ViewController.swift in Sources */ = {isa = PBXBuildFile; fileRef = 88663C8E2091BA7000F8D51D /* ViewController.swift */; };
		88663C922091BA7000F8D51D /* Main.storyboard in Resources */ = {isa = PBXBuildFile; fileRef = 88663C902091BA7000F8D51D /* Main.storyboard */; };
		88663C942091BA7000F8D51D /* Assets.xcassets in Resources */ = {isa = PBXBuildFile; fileRef = 88663C932091BA7000F8D51D /* Assets.xcassets */; };
		88663C972091BA7000F8D51D /* LaunchScreen.storyboard in Resources */ = {isa = PBXBuildFile; fileRef = 88663C952091BA7000F8D51D /* LaunchScreen.storyboard */; };
		88663CA22091BA7000F8D51D /* FinalpTests.swift in Sources */ = {isa = PBXBuildFile; fileRef = 88663CA12091BA7000F8D51D /* FinalpTests.swift */; };
		88663CAD2091BA7000F8D51D /* FinalpUITests.swift in Sources */ = {isa = PBXBuildFile; fileRef = 88663CAC2091BA7000F8D51D /* FinalpUITests.swift */; };
		88663CBB2091BC0700F8D51D /* MainCollectionViewCell.swift in Sources */ = {isa = PBXBuildFile; fileRef = 88663CBA2091BC0700F8D51D /* MainCollectionViewCell.swift */; };
		88663CBD2091C6C300F8D51D /* DetailViewController.swift in Sources */ = {isa = PBXBuildFile; fileRef = 88663CBC2091C6C300F8D51D /* DetailViewController.swift */; };
		88663CBF2091D82B00F8D51D /* GoogleService-Info.plist in Resources */ = {isa = PBXBuildFile; fileRef = 88663CBE2091D82A00F8D51D /* GoogleService-Info.plist */; };
		889FDF78209C8B3500C9B2D3 /* UploadViewController.swift in Sources */ = {isa = PBXBuildFile; fileRef = 889FDF77209C8B3400C9B2D3 /* UploadViewController.swift */; };
/* End PBXBuildFile section */

/* Begin PBXContainerItemProxy section */
		88663C9E2091BA7000F8D51D /* PBXContainerItemProxy */ = {
			isa = PBXContainerItemProxy;
			containerPortal = 88663C812091BA6F00F8D51D /* Project object */;
			proxyType = 1;
			remoteGlobalIDString = 88663C882091BA6F00F8D51D;
			remoteInfo = Finalp;
		};
		88663CA92091BA7000F8D51D /* PBXContainerItemProxy */ = {
			isa = PBXContainerItemProxy;
			containerPortal = 88663C812091BA6F00F8D51D /* Project object */;
			proxyType = 1;
			remoteGlobalIDString = 88663C882091BA6F00F8D51D;
			remoteInfo = Finalp;
		};
/* End PBXContainerItemProxy section */

/* Begin PBXFileReference section */
		81ABBEEAAC58E9838550F66D /* Pods-Finalp.debug.xcconfig */ = {isa = PBXFileReference; includeInIndex = 1; lastKnownFileType = text.xcconfig; name = "Pods-Finalp.debug.xcconfig"; path = "Pods/Target Support Files/Pods-Finalp/Pods-Finalp.debug.xcconfig"; sourceTree = "<group>"; };
		882D0CF020934E54001D534C /* UploadVideoViewController.swift */ = {isa = PBXFileReference; lastKnownFileType = sourcecode.swift; path = UploadVideoViewController.swift; sourceTree = "<group>"; };
		882D0CFE20949D05001D534C /* Media.swift */ = {isa = PBXFileReference; lastKnownFileType = sourcecode.swift; path = Media.swift; sourceTree = "<group>"; };
		885B7B6E2092A33B008BAA3F /* LoginViewController.swift */ = {isa = PBXFileReference; lastKnownFileType = sourcecode.swift; path = LoginViewController.swift; sourceTree = "<group>"; };
		885B7B702092EA6C008BAA3F /* UserViewController.swift */ = {isa = PBXFileReference; lastKnownFileType = sourcecode.swift; path = UserViewController.swift; sourceTree = "<group>"; };
		88663C892091BA6F00F8D51D /* Finalp.app */ = {isa = PBXFileReference; explicitFileType = wrapper.application; includeInIndex = 0; path = Finalp.app; sourceTree = BUILT_PRODUCTS_DIR; };
		88663C8C2091BA6F00F8D51D /* AppDelegate.swift */ = {isa = PBXFileReference; lastKnownFileType = sourcecode.swift; path = AppDelegate.swift; sourceTree = "<group>"; };
		88663C8E2091BA7000F8D51D /* ViewController.swift */ = {isa = PBXFileReference; lastKnownFileType = sourcecode.swift; path = ViewController.swift; sourceTree = "<group>"; };
		88663C912091BA7000F8D51D /* Base */ = {isa = PBXFileReference; lastKnownFileType = file.storyboard; name = Base; path = Base.lproj/Main.storyboard; sourceTree = "<group>"; };
		88663C932091BA7000F8D51D /* Assets.xcassets */ = {isa = PBXFileReference; lastKnownFileType = folder.assetcatalog; path = Assets.xcassets; sourceTree = "<group>"; };
		88663C962091BA7000F8D51D /* Base */ = {isa = PBXFileReference; lastKnownFileType = file.storyboard; name = Base; path = Base.lproj/LaunchScreen.storyboard; sourceTree = "<group>"; };
		88663C982091BA7000F8D51D /* Info.plist */ = {isa = PBXFileReference; lastKnownFileType = text.plist.xml; path = Info.plist; sourceTree = "<group>"; };
		88663C9D2091BA7000F8D51D /* FinalpTests.xctest */ = {isa = PBXFileReference; explicitFileType = wrapper.cfbundle; includeInIndex = 0; path = FinalpTests.xctest; sourceTree = BUILT_PRODUCTS_DIR; };
		88663CA12091BA7000F8D51D /* FinalpTests.swift */ = {isa = PBXFileReference; lastKnownFileType = sourcecode.swift; path = FinalpTests.swift; sourceTree = "<group>"; };
		88663CA32091BA7000F8D51D /* Info.plist */ = {isa = PBXFileReference; lastKnownFileType = text.plist.xml; path = Info.plist; sourceTree = "<group>"; };
		88663CA82091BA7000F8D51D /* FinalpUITests.xctest */ = {isa = PBXFileReference; explicitFileType = wrapper.cfbundle; includeInIndex = 0; path = FinalpUITests.xctest; sourceTree = BUILT_PRODUCTS_DIR; };
		88663CAC2091BA7000F8D51D /* FinalpUITests.swift */ = {isa = PBXFileReference; lastKnownFileType = sourcecode.swift; path = FinalpUITests.swift; sourceTree = "<group>"; };
		88663CAE2091BA7000F8D51D /* Info.plist */ = {isa = PBXFileReference; lastKnownFileType = text.plist.xml; path = Info.plist; sourceTree = "<group>"; };
		88663CBA2091BC0700F8D51D /* MainCollectionViewCell.swift */ = {isa = PBXFileReference; lastKnownFileType = sourcecode.swift; path = MainCollectionViewCell.swift; sourceTree = "<group>"; };
		88663CBC2091C6C300F8D51D /* DetailViewController.swift */ = {isa = PBXFileReference; lastKnownFileType = sourcecode.swift; path = DetailViewController.swift; sourceTree = "<group>"; };
		88663CBE2091D82A00F8D51D /* GoogleService-Info.plist */ = {isa = PBXFileReference; fileEncoding = 4; lastKnownFileType = text.plist.xml; path = "GoogleService-Info.plist"; sourceTree = "<group>"; };
		889FDF77209C8B3400C9B2D3 /* UploadViewController.swift */ = {isa = PBXFileReference; fileEncoding = 4; lastKnownFileType = sourcecode.swift; path = UploadViewController.swift; sourceTree = "<group>"; };
		AE51CF7105A70C114DCD9179 /* Pods-Finalp.release.xcconfig */ = {isa = PBXFileReference; includeInIndex = 1; lastKnownFileType = text.xcconfig; name = "Pods-Finalp.release.xcconfig"; path = "Pods/Target Support Files/Pods-Finalp/Pods-Finalp.release.xcconfig"; sourceTree = "<group>"; };
		D520B9C7B051FB7495177044 /* Pods_Finalp.framework */ = {isa = PBXFileReference; explicitFileType = wrapper.framework; includeInIndex = 0; path = Pods_Finalp.framework; sourceTree = BUILT_PRODUCTS_DIR; };
/* End PBXFileReference section */

/* Begin PBXFrameworksBuildPhase section */
		88663C862091BA6F00F8D51D /* Frameworks */ = {
			isa = PBXFrameworksBuildPhase;
			buildActionMask = 2147483647;
			files = (
				2508D5AAC1D8B1DF254203C9 /* Pods_Finalp.framework in Frameworks */,
			);
			runOnlyForDeploymentPostprocessing = 0;
		};
		88663C9A2091BA7000F8D51D /* Frameworks */ = {
			isa = PBXFrameworksBuildPhase;
			buildActionMask = 2147483647;
			files = (
			);
			runOnlyForDeploymentPostprocessing = 0;
		};
		88663CA52091BA7000F8D51D /* Frameworks */ = {
			isa = PBXFrameworksBuildPhase;
			buildActionMask = 2147483647;
			files = (
			);
			runOnlyForDeploymentPostprocessing = 0;
		};
/* End PBXFrameworksBuildPhase section */

/* Begin PBXGroup section */
		882D0CF320943921001D534C /* View */ = {
			isa = PBXGroup;
			children = (
				88663C902091BA7000F8D51D /* Main.storyboard */,
				88663C932091BA7000F8D51D /* Assets.xcassets */,
			);
			name = View;
			sourceTree = "<group>";
		};
		882D0CF42094392E001D534C /* Model */ = {
			isa = PBXGroup;
			children = (
				882D0CFE20949D05001D534C /* Media.swift */,
			);
			name = Model;
			sourceTree = "<group>";
		};
		882D0CF520943935001D534C /* Controll */ = {
			isa = PBXGroup;
			children = (
				889FDF77209C8B3400C9B2D3 /* UploadViewController.swift */,
				88663C8E2091BA7000F8D51D /* ViewController.swift */,
				88663CBA2091BC0700F8D51D /* MainCollectionViewCell.swift */,
				88663CBC2091C6C300F8D51D /* DetailViewController.swift */,
				885B7B6E2092A33B008BAA3F /* LoginViewController.swift */,
				885B7B702092EA6C008BAA3F /* UserViewController.swift */,
				882D0CF020934E54001D534C /* UploadVideoViewController.swift */,
			);
			name = Controll;
			sourceTree = "<group>";
		};
		882D0CF62094394B001D534C /* Resource */ = {
			isa = PBXGroup;
			children = (
				88663CBE2091D82A00F8D51D /* GoogleService-Info.plist */,
				88663C952091BA7000F8D51D /* LaunchScreen.storyboard */,
				88663C8C2091BA6F00F8D51D /* AppDelegate.swift */,
				88663C982091BA7000F8D51D /* Info.plist */,
			);
			name = Resource;
			sourceTree = "<group>";
		};
		88663C802091BA6F00F8D51D = {
			isa = PBXGroup;
			children = (
				88663C8B2091BA6F00F8D51D /* Finalp */,
				88663CA02091BA7000F8D51D /* FinalpTests */,
				88663CAB2091BA7000F8D51D /* FinalpUITests */,
				88663C8A2091BA6F00F8D51D /* Products */,
				B15A37D6842D8C606D43E09E /* Pods */,
				EBADCE42771B76A27E37C3FD /* Frameworks */,
			);
			sourceTree = "<group>";
		};
		88663C8A2091BA6F00F8D51D /* Products */ = {
			isa = PBXGroup;
			children = (
				88663C892091BA6F00F8D51D /* Finalp.app */,
				88663C9D2091BA7000F8D51D /* FinalpTests.xctest */,
				88663CA82091BA7000F8D51D /* FinalpUITests.xctest */,
			);
			name = Products;
			sourceTree = "<group>";
		};
		88663C8B2091BA6F00F8D51D /* Finalp */ = {
			isa = PBXGroup;
			children = (
				882D0CF62094394B001D534C /* Resource */,
				882D0CF520943935001D534C /* Controll */,
				882D0CF42094392E001D534C /* Model */,
				882D0CF320943921001D534C /* View */,
			);
			path = Finalp;
			sourceTree = "<group>";
		};
		88663CA02091BA7000F8D51D /* FinalpTests */ = {
			isa = PBXGroup;
			children = (
				88663CA12091BA7000F8D51D /* FinalpTests.swift */,
				88663CA32091BA7000F8D51D /* Info.plist */,
			);
			path = FinalpTests;
			sourceTree = "<group>";
		};
		88663CAB2091BA7000F8D51D /* FinalpUITests */ = {
			isa = PBXGroup;
			children = (
				88663CAC2091BA7000F8D51D /* FinalpUITests.swift */,
				88663CAE2091BA7000F8D51D /* Info.plist */,
			);
			path = FinalpUITests;
			sourceTree = "<group>";
		};
		B15A37D6842D8C606D43E09E /* Pods */ = {
			isa = PBXGroup;
			children = (
				81ABBEEAAC58E9838550F66D /* Pods-Finalp.debug.xcconfig */,
				AE51CF7105A70C114DCD9179 /* Pods-Finalp.release.xcconfig */,
			);
			name = Pods;
			sourceTree = "<group>";
		};
		EBADCE42771B76A27E37C3FD /* Frameworks */ = {
			isa = PBXGroup;
			children = (
				D520B9C7B051FB7495177044 /* Pods_Finalp.framework */,
			);
			name = Frameworks;
			sourceTree = "<group>";
		};
/* End PBXGroup section */

/* Begin PBXNativeTarget section */
		88663C882091BA6F00F8D51D /* Finalp */ = {
			isa = PBXNativeTarget;
			buildConfigurationList = 88663CB12091BA7000F8D51D /* Build configuration list for PBXNativeTarget "Finalp" */;
			buildPhases = (
				86D836B42B199EC6D3A2266F /* [CP] Check Pods Manifest.lock */,
				88663C852091BA6F00F8D51D /* Sources */,
				88663C862091BA6F00F8D51D /* Frameworks */,
				88663C872091BA6F00F8D51D /* Resources */,
				10EA72443B20F0FF13E3A693 /* [CP] Embed Pods Frameworks */,
				F323096BD3ADD45D7CD64263 /* [CP] Copy Pods Resources */,
			);
			buildRules = (
			);
			dependencies = (
			);
			name = Finalp;
			productName = Finalp;
			productReference = 88663C892091BA6F00F8D51D /* Finalp.app */;
			productType = "com.apple.product-type.application";
		};
		88663C9C2091BA7000F8D51D /* FinalpTests */ = {
			isa = PBXNativeTarget;
			buildConfigurationList = 88663CB42091BA7000F8D51D /* Build configuration list for PBXNativeTarget "FinalpTests" */;
			buildPhases = (
				88663C992091BA7000F8D51D /* Sources */,
				88663C9A2091BA7000F8D51D /* Frameworks */,
				88663C9B2091BA7000F8D51D /* Resources */,
			);
			buildRules = (
			);
			dependencies = (
				88663C9F2091BA7000F8D51D /* PBXTargetDependency */,
			);
			name = FinalpTests;
			productName = FinalpTests;
			productReference = 88663C9D2091BA7000F8D51D /* FinalpTests.xctest */;
			productType = "com.apple.product-type.bundle.unit-test";
		};
		88663CA72091BA7000F8D51D /* FinalpUITests */ = {
			isa = PBXNativeTarget;
			buildConfigurationList = 88663CB72091BA7000F8D51D /* Build configuration list for PBXNativeTarget "FinalpUITests" */;
			buildPhases = (
				88663CA42091BA7000F8D51D /* Sources */,
				88663CA52091BA7000F8D51D /* Frameworks */,
				88663CA62091BA7000F8D51D /* Resources */,
			);
			buildRules = (
			);
			dependencies = (
				88663CAA2091BA7000F8D51D /* PBXTargetDependency */,
			);
			name = FinalpUITests;
			productName = FinalpUITests;
			productReference = 88663CA82091BA7000F8D51D /* FinalpUITests.xctest */;
			productType = "com.apple.product-type.bundle.ui-testing";
		};
/* End PBXNativeTarget section */

/* Begin PBXProject section */
		88663C812091BA6F00F8D51D /* Project object */ = {
			isa = PBXProject;
			attributes = {
				LastSwiftUpdateCheck = 0920;
				LastUpgradeCheck = 0920;
				ORGANIZATIONNAME = "JaeJun Min";
				TargetAttributes = {
					88663C882091BA6F00F8D51D = {
						CreatedOnToolsVersion = 9.2;
						ProvisioningStyle = Automatic;
					};
					88663C9C2091BA7000F8D51D = {
						CreatedOnToolsVersion = 9.2;
						ProvisioningStyle = Automatic;
						TestTargetID = 88663C882091BA6F00F8D51D;
					};
					88663CA72091BA7000F8D51D = {
						CreatedOnToolsVersion = 9.2;
						ProvisioningStyle = Automatic;
						TestTargetID = 88663C882091BA6F00F8D51D;
					};
				};
			};
			buildConfigurationList = 88663C842091BA6F00F8D51D /* Build configuration list for PBXProject "Finalp" */;
			compatibilityVersion = "Xcode 8.0";
			developmentRegion = en;
			hasScannedForEncodings = 0;
			knownRegions = (
				en,
				Base,
			);
			mainGroup = 88663C802091BA6F00F8D51D;
			productRefGroup = 88663C8A2091BA6F00F8D51D /* Products */;
			projectDirPath = "";
			projectRoot = "";
			targets = (
				88663C882091BA6F00F8D51D /* Finalp */,
				88663C9C2091BA7000F8D51D /* FinalpTests */,
				88663CA72091BA7000F8D51D /* FinalpUITests */,
			);
		};
/* End PBXProject section */

/* Begin PBXResourcesBuildPhase section */
		88663C872091BA6F00F8D51D /* Resources */ = {
			isa = PBXResourcesBuildPhase;
			buildActionMask = 2147483647;
			files = (
				88663C972091BA7000F8D51D /* LaunchScreen.storyboard in Resources */,
				88663CBF2091D82B00F8D51D /* GoogleService-Info.plist in Resources */,
				88663C942091BA7000F8D51D /* Assets.xcassets in Resources */,
				88663C922091BA7000F8D51D /* Main.storyboard in Resources */,
			);
			runOnlyForDeploymentPostprocessing = 0;
		};
		88663C9B2091BA7000F8D51D /* Resources */ = {
			isa = PBXResourcesBuildPhase;
			buildActionMask = 2147483647;
			files = (
			);
			runOnlyForDeploymentPostprocessing = 0;
		};
		88663CA62091BA7000F8D51D /* Resources */ = {
			isa = PBXResourcesBuildPhase;
			buildActionMask = 2147483647;
			files = (
			);
			runOnlyForDeploymentPostprocessing = 0;
		};
/* End PBXResourcesBuildPhase section */

/* Begin PBXShellScriptBuildPhase section */
		10EA72443B20F0FF13E3A693 /* [CP] Embed Pods Frameworks */ = {
			isa = PBXShellScriptBuildPhase;
			buildActionMask = 2147483647;
			files = (
			);
			inputPaths = (
				"${SRCROOT}/Pods/Target Support Files/Pods-Finalp/Pods-Finalp-frameworks.sh",
				"${BUILT_PRODUCTS_DIR}/GTMOAuth2/GTMOAuth2.framework",
				"${BUILT_PRODUCTS_DIR}/GTMSessionFetcher/GTMSessionFetcher.framework",
				"${BUILT_PRODUCTS_DIR}/GoogleToolboxForMac/GoogleToolboxForMac.framework",
				"${BUILT_PRODUCTS_DIR}/leveldb-library/leveldb.framework",
				"${BUILT_PRODUCTS_DIR}/nanopb/nanopb.framework",
			);
			name = "[CP] Embed Pods Frameworks";
			outputPaths = (
				"${TARGET_BUILD_DIR}/${FRAMEWORKS_FOLDER_PATH}/GTMOAuth2.framework",
				"${TARGET_BUILD_DIR}/${FRAMEWORKS_FOLDER_PATH}/GTMSessionFetcher.framework",
				"${TARGET_BUILD_DIR}/${FRAMEWORKS_FOLDER_PATH}/GoogleToolboxForMac.framework",
				"${TARGET_BUILD_DIR}/${FRAMEWORKS_FOLDER_PATH}/leveldb.framework",
				"${TARGET_BUILD_DIR}/${FRAMEWORKS_FOLDER_PATH}/nanopb.framework",
			);
			runOnlyForDeploymentPostprocessing = 0;
			shellPath = /bin/sh;
			shellScript = "\"${SRCROOT}/Pods/Target Support Files/Pods-Finalp/Pods-Finalp-frameworks.sh\"\n";
			showEnvVarsInLog = 0;
		};
		86D836B42B199EC6D3A2266F /* [CP] Check Pods Manifest.lock */ = {
			isa = PBXShellScriptBuildPhase;
			buildActionMask = 2147483647;
			files = (
			);
			inputPaths = (
				"${PODS_PODFILE_DIR_PATH}/Podfile.lock",
				"${PODS_ROOT}/Manifest.lock",
			);
			name = "[CP] Check Pods Manifest.lock";
			outputPaths = (
				"$(DERIVED_FILE_DIR)/Pods-Finalp-checkManifestLockResult.txt",
			);
			runOnlyForDeploymentPostprocessing = 0;
			shellPath = /bin/sh;
			shellScript = "diff \"${PODS_PODFILE_DIR_PATH}/Podfile.lock\" \"${PODS_ROOT}/Manifest.lock\" > /dev/null\nif [ $? != 0 ] ; then\n    # print error to STDERR\n    echo \"error: The sandbox is not in sync with the Podfile.lock. Run 'pod install' or update your CocoaPods installation.\" >&2\n    exit 1\nfi\n# This output is used by Xcode 'outputs' to avoid re-running this script phase.\necho \"SUCCESS\" > \"${SCRIPT_OUTPUT_FILE_0}\"\n";
			showEnvVarsInLog = 0;
		};
		F323096BD3ADD45D7CD64263 /* [CP] Copy Pods Resources */ = {
			isa = PBXShellScriptBuildPhase;
			buildActionMask = 2147483647;
			files = (
			);
			inputPaths = (
				"${SRCROOT}/Pods/Target Support Files/Pods-Finalp/Pods-Finalp-resources.sh",
				"${PODS_ROOT}/GoogleSignIn/Resources/GoogleSignIn.bundle",
			);
			name = "[CP] Copy Pods Resources";
			outputPaths = (
				"${TARGET_BUILD_DIR}/${UNLOCALIZED_RESOURCES_FOLDER_PATH}/GoogleSignIn.bundle",
			);
			runOnlyForDeploymentPostprocessing = 0;
			shellPath = /bin/sh;
			shellScript = "\"${SRCROOT}/Pods/Target Support Files/Pods-Finalp/Pods-Finalp-resources.sh\"\n";
			showEnvVarsInLog = 0;
		};
/* End PBXShellScriptBuildPhase section */

/* Begin PBXSourcesBuildPhase section */
		88663C852091BA6F00F8D51D /* Sources */ = {
			isa = PBXSourcesBuildPhase;
			buildActionMask = 2147483647;
			files = (
				885B7B712092EA6C008BAA3F /* UserViewController.swift in Sources */,
				882D0CF120934E54001D534C /* UploadVideoViewController.swift in Sources */,
				885B7B6F2092A33B008BAA3F /* LoginViewController.swift in Sources */,
				88663C8F2091BA7000F8D51D /* ViewController.swift in Sources */,
				889FDF78209C8B3500C9B2D3 /* UploadViewController.swift in Sources */,
				882D0CFF20949D05001D534C /* Media.swift in Sources */,
				88663CBB2091BC0700F8D51D /* MainCollectionViewCell.swift in Sources */,
				88663C8D2091BA7000F8D51D /* AppDelegate.swift in Sources */,
				88663CBD2091C6C300F8D51D /* DetailViewController.swift in Sources */,
			);
			runOnlyForDeploymentPostprocessing = 0;
		};
		88663C992091BA7000F8D51D /* Sources */ = {
			isa = PBXSourcesBuildPhase;
			buildActionMask = 2147483647;
			files = (
				88663CA22091BA7000F8D51D /* FinalpTests.swift in Sources */,
			);
			runOnlyForDeploymentPostprocessing = 0;
		};
		88663CA42091BA7000F8D51D /* Sources */ = {
			isa = PBXSourcesBuildPhase;
			buildActionMask = 2147483647;
			files = (
				88663CAD2091BA7000F8D51D /* FinalpUITests.swift in Sources */,
			);
			runOnlyForDeploymentPostprocessing = 0;
		};
/* End PBXSourcesBuildPhase section */

/* Begin PBXTargetDependency section */
		88663C9F2091BA7000F8D51D /* PBXTargetDependency */ = {
			isa = PBXTargetDependency;
			target = 88663C882091BA6F00F8D51D /* Finalp */;
			targetProxy = 88663C9E2091BA7000F8D51D /* PBXContainerItemProxy */;
		};
		88663CAA2091BA7000F8D51D /* PBXTargetDependency */ = {
			isa = PBXTargetDependency;
			target = 88663C882091BA6F00F8D51D /* Finalp */;
			targetProxy = 88663CA92091BA7000F8D51D /* PBXContainerItemProxy */;
		};
/* End PBXTargetDependency section */

/* Begin PBXVariantGroup section */
		88663C902091BA7000F8D51D /* Main.storyboard */ = {
			isa = PBXVariantGroup;
			children = (
				88663C912091BA7000F8D51D /* Base */,
			);
			name = Main.storyboard;
			sourceTree = "<group>";
		};
		88663C952091BA7000F8D51D /* LaunchScreen.storyboard */ = {
			isa = PBXVariantGroup;
			children = (
				88663C962091BA7000F8D51D /* Base */,
			);
			name = LaunchScreen.storyboard;
			sourceTree = "<group>";
		};
/* End PBXVariantGroup section */

/* Begin XCBuildConfiguration section */
		88663CAF2091BA7000F8D51D /* Debug */ = {
			isa = XCBuildConfiguration;
			buildSettings = {
				ALWAYS_SEARCH_USER_PATHS = NO;
				CLANG_ANALYZER_NONNULL = YES;
				CLANG_ANALYZER_NUMBER_OBJECT_CONVERSION = YES_AGGRESSIVE;
				CLANG_CXX_LANGUAGE_STANDARD = "gnu++14";
				CLANG_CXX_LIBRARY = "libc++";
				CLANG_ENABLE_MODULES = YES;
				CLANG_ENABLE_OBJC_ARC = YES;
				CLANG_WARN_BLOCK_CAPTURE_AUTORELEASING = YES;
				CLANG_WARN_BOOL_CONVERSION = YES;
				CLANG_WARN_COMMA = YES;
				CLANG_WARN_CONSTANT_CONVERSION = YES;
				CLANG_WARN_DIRECT_OBJC_ISA_USAGE = YES_ERROR;
				CLANG_WARN_DOCUMENTATION_COMMENTS = YES;
				CLANG_WARN_EMPTY_BODY = YES;
				CLANG_WARN_ENUM_CONVERSION = YES;
				CLANG_WARN_INFINITE_RECURSION = YES;
				CLANG_WARN_INT_CONVERSION = YES;
				CLANG_WARN_NON_LITERAL_NULL_CONVERSION = YES;
				CLANG_WARN_OBJC_LITERAL_CONVERSION = YES;
				CLANG_WARN_OBJC_ROOT_CLASS = YES_ERROR;
				CLANG_WARN_RANGE_LOOP_ANALYSIS = YES;
				CLANG_WARN_STRICT_PROTOTYPES = YES;
				CLANG_WARN_SUSPICIOUS_MOVE = YES;
				CLANG_WARN_UNGUARDED_AVAILABILITY = YES_AGGRESSIVE;
				CLANG_WARN_UNREACHABLE_CODE = YES;
				CLANG_WARN__DUPLICATE_METHOD_MATCH = YES;
				CODE_SIGN_IDENTITY = "iPhone Developer";
				COPY_PHASE_STRIP = NO;
				DEBUG_INFORMATION_FORMAT = dwarf;
				ENABLE_STRICT_OBJC_MSGSEND = YES;
				ENABLE_TESTABILITY = YES;
				GCC_C_LANGUAGE_STANDARD = gnu11;
				GCC_DYNAMIC_NO_PIC = NO;
				GCC_NO_COMMON_BLOCKS = YES;
				GCC_OPTIMIZATION_LEVEL = 0;
				GCC_PREPROCESSOR_DEFINITIONS = (
					"DEBUG=1",
					"$(inherited)",
				);
				GCC_WARN_64_TO_32_BIT_CONVERSION = YES;
				GCC_WARN_ABOUT_RETURN_TYPE = YES_ERROR;
				GCC_WARN_UNDECLARED_SELECTOR = YES;
				GCC_WARN_UNINITIALIZED_AUTOS = YES_AGGRESSIVE;
				GCC_WARN_UNUSED_FUNCTION = YES;
				GCC_WARN_UNUSED_VARIABLE = YES;
				IPHONEOS_DEPLOYMENT_TARGET = 11.2;
				MTL_ENABLE_DEBUG_INFO = YES;
				ONLY_ACTIVE_ARCH = YES;
				SDKROOT = iphoneos;
				SWIFT_ACTIVE_COMPILATION_CONDITIONS = DEBUG;
				SWIFT_OPTIMIZATION_LEVEL = "-Onone";
			};
			name = Debug;
		};
		88663CB02091BA7000F8D51D /* Release */ = {
			isa = XCBuildConfiguration;
			buildSettings = {
				ALWAYS_SEARCH_USER_PATHS = NO;
				CLANG_ANALYZER_NONNULL = YES;
				CLANG_ANALYZER_NUMBER_OBJECT_CONVERSION = YES_AGGRESSIVE;
				CLANG_CXX_LANGUAGE_STANDARD = "gnu++14";
				CLANG_CXX_LIBRARY = "libc++";
				CLANG_ENABLE_MODULES = YES;
				CLANG_ENABLE_OBJC_ARC = YES;
				CLANG_WARN_BLOCK_CAPTURE_AUTORELEASING = YES;
				CLANG_WARN_BOOL_CONVERSION = YES;
				CLANG_WARN_COMMA = YES;
				CLANG_WARN_CONSTANT_CONVERSION = YES;
				CLANG_WARN_DIRECT_OBJC_ISA_USAGE = YES_ERROR;
				CLANG_WARN_DOCUMENTATION_COMMENTS = YES;
				CLANG_WARN_EMPTY_BODY = YES;
				CLANG_WARN_ENUM_CONVERSION = YES;
				CLANG_WARN_INFINITE_RECURSION = YES;
				CLANG_WARN_INT_CONVERSION = YES;
				CLANG_WARN_NON_LITERAL_NULL_CONVERSION = YES;
				CLANG_WARN_OBJC_LITERAL_CONVERSION = YES;
				CLANG_WARN_OBJC_ROOT_CLASS = YES_ERROR;
				CLANG_WARN_RANGE_LOOP_ANALYSIS = YES;
				CLANG_WARN_STRICT_PROTOTYPES = YES;
				CLANG_WARN_SUSPICIOUS_MOVE = YES;
				CLANG_WARN_UNGUARDED_AVAILABILITY = YES_AGGRESSIVE;
				CLANG_WARN_UNREACHABLE_CODE = YES;
				CLANG_WARN__DUPLICATE_METHOD_MATCH = YES;
				CODE_SIGN_IDENTITY = "iPhone Developer";
				COPY_PHASE_STRIP = NO;
				DEBUG_INFORMATION_FORMAT = "dwarf-with-dsym";
				ENABLE_NS_ASSERTIONS = NO;
				ENABLE_STRICT_OBJC_MSGSEND = YES;
				GCC_C_LANGUAGE_STANDARD = gnu11;
				GCC_NO_COMMON_BLOCKS = YES;
				GCC_WARN_64_TO_32_BIT_CONVERSION = YES;
				GCC_WARN_ABOUT_RETURN_TYPE = YES_ERROR;
				GCC_WARN_UNDECLARED_SELECTOR = YES;
				GCC_WARN_UNINITIALIZED_AUTOS = YES_AGGRESSIVE;
				GCC_WARN_UNUSED_FUNCTION = YES;
				GCC_WARN_UNUSED_VARIABLE = YES;
				IPHONEOS_DEPLOYMENT_TARGET = 11.2;
				MTL_ENABLE_DEBUG_INFO = NO;
				SDKROOT = iphoneos;
				SWIFT_OPTIMIZATION_LEVEL = "-Owholemodule";
				VALIDATE_PRODUCT = YES;
			};
			name = Release;
		};
		88663CB22091BA7000F8D51D /* Debug */ = {
			isa = XCBuildConfiguration;
			baseConfigurationReference = 81ABBEEAAC58E9838550F66D /* Pods-Finalp.debug.xcconfig */;
			buildSettings = {
				ASSETCATALOG_COMPILER_APPICON_NAME = AppIcon;
				CODE_SIGN_STYLE = Automatic;
				INFOPLIST_FILE = Finalp/Info.plist;
				LD_RUNPATH_SEARCH_PATHS = "$(inherited) @executable_path/Frameworks";
				PRODUCT_BUNDLE_IDENTIFIER = com.jaejunmi.FinalProject;
				PRODUCT_NAME = "$(TARGET_NAME)";
				SWIFT_VERSION = 4.0;
				TARGETED_DEVICE_FAMILY = "1,2";
			};
			name = Debug;
		};
		88663CB32091BA7000F8D51D /* Release */ = {
			isa = XCBuildConfiguration;
			baseConfigurationReference = AE51CF7105A70C114DCD9179 /* Pods-Finalp.release.xcconfig */;
			buildSettings = {
				ASSETCATALOG_COMPILER_APPICON_NAME = AppIcon;
				CODE_SIGN_STYLE = Automatic;
				INFOPLIST_FILE = Finalp/Info.plist;
				LD_RUNPATH_SEARCH_PATHS = "$(inherited) @executable_path/Frameworks";
				PRODUCT_BUNDLE_IDENTIFIER = com.jaejunmi.FinalProject;
				PRODUCT_NAME = "$(TARGET_NAME)";
				SWIFT_VERSION = 4.0;
				TARGETED_DEVICE_FAMILY = "1,2";
			};
			name = Release;
		};
		88663CB52091BA7000F8D51D /* Debug */ = {
			isa = XCBuildConfiguration;
			buildSettings = {
				ALWAYS_EMBED_SWIFT_STANDARD_LIBRARIES = YES;
				BUNDLE_LOADER = "$(TEST_HOST)";
				CODE_SIGN_STYLE = Automatic;
				INFOPLIST_FILE = FinalpTests/Info.plist;
				LD_RUNPATH_SEARCH_PATHS = "$(inherited) @executable_path/Frameworks @loader_path/Frameworks";
				PRODUCT_BUNDLE_IDENTIFIER = com.jaejunmi.FinalpTests;
				PRODUCT_NAME = "$(TARGET_NAME)";
				SWIFT_VERSION = 4.0;
				TARGETED_DEVICE_FAMILY = "1,2";
				TEST_HOST = "$(BUILT_PRODUCTS_DIR)/Finalp.app/Finalp";
			};
			name = Debug;
		};
		88663CB62091BA7000F8D51D /* Release */ = {
			isa = XCBuildConfiguration;
			buildSettings = {
				ALWAYS_EMBED_SWIFT_STANDARD_LIBRARIES = YES;
				BUNDLE_LOADER = "$(TEST_HOST)";
				CODE_SIGN_STYLE = Automatic;
				INFOPLIST_FILE = FinalpTests/Info.plist;
				LD_RUNPATH_SEARCH_PATHS = "$(inherited) @executable_path/Frameworks @loader_path/Frameworks";
				PRODUCT_BUNDLE_IDENTIFIER = com.jaejunmi.FinalpTests;
				PRODUCT_NAME = "$(TARGET_NAME)";
				SWIFT_VERSION = 4.0;
				TARGETED_DEVICE_FAMILY = "1,2";
				TEST_HOST = "$(BUILT_PRODUCTS_DIR)/Finalp.app/Finalp";
			};
			name = Release;
		};
		88663CB82091BA7000F8D51D /* Debug */ = {
			isa = XCBuildConfiguration;
			buildSettings = {
				ALWAYS_EMBED_SWIFT_STANDARD_LIBRARIES = YES;
				CODE_SIGN_STYLE = Automatic;
				INFOPLIST_FILE = FinalpUITests/Info.plist;
				LD_RUNPATH_SEARCH_PATHS = "$(inherited) @executable_path/Frameworks @loader_path/Frameworks";
				PRODUCT_BUNDLE_IDENTIFIER = com.jaejunmi.FinalpUITests;
				PRODUCT_NAME = "$(TARGET_NAME)";
				SWIFT_VERSION = 4.0;
				TARGETED_DEVICE_FAMILY = "1,2";
				TEST_TARGET_NAME = Finalp;
			};
			name = Debug;
		};
		88663CB92091BA7000F8D51D /* Release */ = {
			isa = XCBuildConfiguration;
			buildSettings = {
				ALWAYS_EMBED_SWIFT_STANDARD_LIBRARIES = YES;
				CODE_SIGN_STYLE = Automatic;
				INFOPLIST_FILE = FinalpUITests/Info.plist;
				LD_RUNPATH_SEARCH_PATHS = "$(inherited) @executable_path/Frameworks @loader_path/Frameworks";
				PRODUCT_BUNDLE_IDENTIFIER = com.jaejunmi.FinalpUITests;
				PRODUCT_NAME = "$(TARGET_NAME)";
				SWIFT_VERSION = 4.0;
				TARGETED_DEVICE_FAMILY = "1,2";
				TEST_TARGET_NAME = Finalp;
			};
			name = Release;
		};
/* End XCBuildConfiguration section */

/* Begin XCConfigurationList section */
		88663C842091BA6F00F8D51D /* Build configuration list for PBXProject "Finalp" */ = {
			isa = XCConfigurationList;
			buildConfigurations = (
				88663CAF2091BA7000F8D51D /* Debug */,
				88663CB02091BA7000F8D51D /* Release */,
			);
			defaultConfigurationIsVisible = 0;
			defaultConfigurationName = Release;
		};
		88663CB12091BA7000F8D51D /* Build configuration list for PBXNativeTarget "Finalp" */ = {
			isa = XCConfigurationList;
			buildConfigurations = (
				88663CB22091BA7000F8D51D /* Debug */,
				88663CB32091BA7000F8D51D /* Release */,
			);
			defaultConfigurationIsVisible = 0;
			defaultConfigurationName = Release;
		};
		88663CB42091BA7000F8D51D /* Build configuration list for PBXNativeTarget "FinalpTests" */ = {
			isa = XCConfigurationList;
			buildConfigurations = (
				88663CB52091BA7000F8D51D /* Debug */,
				88663CB62091BA7000F8D51D /* Release */,
			);
			defaultConfigurationIsVisible = 0;
			defaultConfigurationName = Release;
		};
		88663CB72091BA7000F8D51D /* Build configuration list for PBXNativeTarget "FinalpUITests" */ = {
			isa = XCConfigurationList;
			buildConfigurations = (
				88663CB82091BA7000F8D51D /* Debug */,
				88663CB92091BA7000F8D51D /* Release */,
			);
			defaultConfigurationIsVisible = 0;
			defaultConfigurationName = Release;
		};
/* End XCConfigurationList section */
	};
	rootObject = 88663C812091BA6F00F8D51D /* Project object */;
}
